// !$*UTF8*$!
{
	archiveVersion = 1;
	classes = {
	};
	objectVersion = 46;
	objects = {

/* Begin PBXBuildFile section */
		0F015240190125F0ACC26910 /* Pods.framework in Frameworks */ = {isa = PBXBuildFile; fileRef = AE7B20E04BBCFDFD0931A328 /* Pods.framework */; settings = {ATTRIBUTES = (Weak, ); }; };
		1AF6329F22F4BB4E4062F7DC /* Pods.framework in Frameworks */ = {isa = PBXBuildFile; fileRef = AE7B20E04BBCFDFD0931A328 /* Pods.framework */; settings = {ATTRIBUTES = (Weak, ); }; };
		C649830C1B9104D30002E21A /* main.m in Sources */ = {isa = PBXBuildFile; fileRef = C649830B1B9104D30002E21A /* main.m */; };
		C649830F1B9104D30002E21A /* AppDelegate.m in Sources */ = {isa = PBXBuildFile; fileRef = C649830E1B9104D30002E21A /* AppDelegate.m */; };
		C64983121B9104D30002E21A /* ViewController.m in Sources */ = {isa = PBXBuildFile; fileRef = C64983111B9104D30002E21A /* ViewController.m */; };
		C64983151B9104D30002E21A /* Main.storyboard in Resources */ = {isa = PBXBuildFile; fileRef = C64983131B9104D30002E21A /* Main.storyboard */; };
		C64983171B9104D30002E21A /* Images.xcassets in Resources */ = {isa = PBXBuildFile; fileRef = C64983161B9104D30002E21A /* Images.xcassets */; };
		C649831A1B9104D30002E21A /* LaunchScreen.xib in Resources */ = {isa = PBXBuildFile; fileRef = C64983181B9104D30002E21A /* LaunchScreen.xib */; };
		C64983261B9104D30002E21A /* LumberjackAppTests.m in Sources */ = {isa = PBXBuildFile; fileRef = C64983251B9104D30002E21A /* LumberjackAppTests.m */; };
		C64983391B9104E30002E21A /* LumberjackFramework.h in Headers */ = {isa = PBXBuildFile; fileRef = C64983381B9104E30002E21A /* LumberjackFramework.h */; settings = {ATTRIBUTES = (Public, ); }; };
		C649833F1B9104E30002E21A /* LumberjackFramework.framework in Frameworks */ = {isa = PBXBuildFile; fileRef = C64983341B9104E30002E21A /* LumberjackFramework.framework */; };
		C64983481B9104E30002E21A /* LumberjackFrameworkTests.m in Sources */ = {isa = PBXBuildFile; fileRef = C64983471B9104E30002E21A /* LumberjackFrameworkTests.m */; };
		C649834B1B9104E30002E21A /* LumberjackFramework.framework in Frameworks */ = {isa = PBXBuildFile; fileRef = C64983341B9104E30002E21A /* LumberjackFramework.framework */; };
		C649834C1B9104E30002E21A /* LumberjackFramework.framework in Embed Frameworks */ = {isa = PBXBuildFile; fileRef = C64983341B9104E30002E21A /* LumberjackFramework.framework */; settings = {ATTRIBUTES = (CodeSignOnCopy, RemoveHeadersOnCopy, ); }; };
		C64983561B9105260002E21A /* LumberjackFrameworkAPI.h in Headers */ = {isa = PBXBuildFile; fileRef = C64983541B9105260002E21A /* LumberjackFrameworkAPI.h */; settings = {ATTRIBUTES = (Public, ); }; };
		C64983571B9105260002E21A /* LumberjackFrameworkAPI.m in Sources */ = {isa = PBXBuildFile; fileRef = C64983551B9105260002E21A /* LumberjackFrameworkAPI.m */; };
		C649835F1B910B230002E21A /* Podfile in Resources */ = {isa = PBXBuildFile; fileRef = C649835E1B910B230002E21A /* Podfile */; };
		C6BC3FA91B910D4B00EA6FBB /* libPods.a in Frameworks */ = {isa = PBXBuildFile; fileRef = C6BC3FA81B910D4B00EA6FBB /* libPods.a */; };
/* End PBXBuildFile section */

/* Begin PBXContainerItemProxy section */
		C64983201B9104D30002E21A /* PBXContainerItemProxy */ = {
			isa = PBXContainerItemProxy;
			containerPortal = C64982FE1B9104D30002E21A /* Project object */;
			proxyType = 1;
			remoteGlobalIDString = C64983051B9104D30002E21A;
			remoteInfo = LumberjackApp;
		};
		C64983401B9104E30002E21A /* PBXContainerItemProxy */ = {
			isa = PBXContainerItemProxy;
			containerPortal = C64982FE1B9104D30002E21A /* Project object */;
			proxyType = 1;
			remoteGlobalIDString = C64983331B9104E30002E21A;
			remoteInfo = LumberjackFramework;
		};
		C64983421B9104E30002E21A /* PBXContainerItemProxy */ = {
			isa = PBXContainerItemProxy;
			containerPortal = C64982FE1B9104D30002E21A /* Project object */;
			proxyType = 1;
			remoteGlobalIDString = C64983051B9104D30002E21A;
			remoteInfo = LumberjackApp;
		};
		C64983491B9104E30002E21A /* PBXContainerItemProxy */ = {
			isa = PBXContainerItemProxy;
			containerPortal = C64982FE1B9104D30002E21A /* Project object */;
			proxyType = 1;
			remoteGlobalIDString = C64983331B9104E30002E21A;
			remoteInfo = LumberjackFramework;
		};
/* End PBXContainerItemProxy section */

/* Begin PBXCopyFilesBuildPhase section */
		C64983501B9104E30002E21A /* Embed Frameworks */ = {
			isa = PBXCopyFilesBuildPhase;
			buildActionMask = 2147483647;
			dstPath = "";
			dstSubfolderSpec = 10;
			files = (
				C649834C1B9104E30002E21A /* LumberjackFramework.framework in Embed Frameworks */,
			);
			name = "Embed Frameworks";
			runOnlyForDeploymentPostprocessing = 0;
		};
/* End PBXCopyFilesBuildPhase section */

/* Begin PBXFileReference section */
		AE7B20E04BBCFDFD0931A328 /* Pods.framework */ = {isa = PBXFileReference; explicitFileType = wrapper.framework; includeInIndex = 0; path = Pods.framework; sourceTree = BUILT_PRODUCTS_DIR; };
		C64983061B9104D30002E21A /* LumberjackApp.app */ = {isa = PBXFileReference; explicitFileType = wrapper.application; includeInIndex = 0; path = LumberjackApp.app; sourceTree = BUILT_PRODUCTS_DIR; };
		C649830A1B9104D30002E21A /* Info.plist */ = {isa = PBXFileReference; lastKnownFileType = text.plist.xml; path = Info.plist; sourceTree = "<group>"; };
		C649830B1B9104D30002E21A /* main.m */ = {isa = PBXFileReference; lastKnownFileType = sourcecode.c.objc; path = main.m; sourceTree = "<group>"; };
		C649830D1B9104D30002E21A /* AppDelegate.h */ = {isa = PBXFileReference; lastKnownFileType = sourcecode.c.h; path = AppDelegate.h; sourceTree = "<group>"; };
		C649830E1B9104D30002E21A /* AppDelegate.m */ = {isa = PBXFileReference; lastKnownFileType = sourcecode.c.objc; path = AppDelegate.m; sourceTree = "<group>"; };
		C64983101B9104D30002E21A /* ViewController.h */ = {isa = PBXFileReference; lastKnownFileType = sourcecode.c.h; path = ViewController.h; sourceTree = "<group>"; };
		C64983111B9104D30002E21A /* ViewController.m */ = {isa = PBXFileReference; lastKnownFileType = sourcecode.c.objc; path = ViewController.m; sourceTree = "<group>"; };
		C64983141B9104D30002E21A /* Base */ = {isa = PBXFileReference; lastKnownFileType = file.storyboard; name = Base; path = Base.lproj/Main.storyboard; sourceTree = "<group>"; };
		C64983161B9104D30002E21A /* Images.xcassets */ = {isa = PBXFileReference; lastKnownFileType = folder.assetcatalog; path = Images.xcassets; sourceTree = "<group>"; };
		C64983191B9104D30002E21A /* Base */ = {isa = PBXFileReference; lastKnownFileType = file.xib; name = Base; path = Base.lproj/LaunchScreen.xib; sourceTree = "<group>"; };
		C649831F1B9104D30002E21A /* LumberjackAppTests.xctest */ = {isa = PBXFileReference; explicitFileType = wrapper.cfbundle; includeInIndex = 0; path = LumberjackAppTests.xctest; sourceTree = BUILT_PRODUCTS_DIR; };
		C64983241B9104D30002E21A /* Info.plist */ = {isa = PBXFileReference; lastKnownFileType = text.plist.xml; path = Info.plist; sourceTree = "<group>"; };
		C64983251B9104D30002E21A /* LumberjackAppTests.m */ = {isa = PBXFileReference; lastKnownFileType = sourcecode.c.objc; path = LumberjackAppTests.m; sourceTree = "<group>"; };
		C64983341B9104E30002E21A /* LumberjackFramework.framework */ = {isa = PBXFileReference; explicitFileType = wrapper.framework; includeInIndex = 0; path = LumberjackFramework.framework; sourceTree = BUILT_PRODUCTS_DIR; };
		C64983371B9104E30002E21A /* Info.plist */ = {isa = PBXFileReference; lastKnownFileType = text.plist.xml; path = Info.plist; sourceTree = "<group>"; };
		C64983381B9104E30002E21A /* LumberjackFramework.h */ = {isa = PBXFileReference; lastKnownFileType = sourcecode.c.h; path = LumberjackFramework.h; sourceTree = "<group>"; };
		C649833E1B9104E30002E21A /* LumberjackFrameworkTests.xctest */ = {isa = PBXFileReference; explicitFileType = wrapper.cfbundle; includeInIndex = 0; path = LumberjackFrameworkTests.xctest; sourceTree = BUILT_PRODUCTS_DIR; };
		C64983461B9104E30002E21A /* Info.plist */ = {isa = PBXFileReference; lastKnownFileType = text.plist.xml; path = Info.plist; sourceTree = "<group>"; };
		C64983471B9104E30002E21A /* LumberjackFrameworkTests.m */ = {isa = PBXFileReference; lastKnownFileType = sourcecode.c.objc; path = LumberjackFrameworkTests.m; sourceTree = "<group>"; };
		C64983541B9105260002E21A /* LumberjackFrameworkAPI.h */ = {isa = PBXFileReference; fileEncoding = 4; lastKnownFileType = sourcecode.c.h; path = LumberjackFrameworkAPI.h; sourceTree = "<group>"; };
		C64983551B9105260002E21A /* LumberjackFrameworkAPI.m */ = {isa = PBXFileReference; fileEncoding = 4; lastKnownFileType = sourcecode.c.objc; path = LumberjackFrameworkAPI.m; sourceTree = "<group>"; };
		C649835C1B91095E0002E21A /* libPods.a */ = {isa = PBXFileReference; lastKnownFileType = archive.ar; name = libPods.a; path = "Pods/../build/Debug-iphoneos/libPods.a"; sourceTree = "<group>"; };
		C649835E1B910B230002E21A /* Podfile */ = {isa = PBXFileReference; fileEncoding = 4; lastKnownFileType = text; path = Podfile; sourceTree = "<group>"; };
		C6BC3FA81B910D4B00EA6FBB /* libPods.a */ = {isa = PBXFileReference; lastKnownFileType = archive.ar; name = libPods.a; path = "Pods/../build/Debug-iphoneos/libPods.a"; sourceTree = "<group>"; };
		D24FF849690DBA9783D9D56A /* Pods.debug.xcconfig */ = {isa = PBXFileReference; includeInIndex = 1; lastKnownFileType = text.xcconfig; name = Pods.debug.xcconfig; path = "Pods/Target Support Files/Pods/Pods.debug.xcconfig"; sourceTree = "<group>"; };
		D600112898191BA7602EEA1F /* Pods.release.xcconfig */ = {isa = PBXFileReference; includeInIndex = 1; lastKnownFileType = text.xcconfig; name = Pods.release.xcconfig; path = "Pods/Target Support Files/Pods/Pods.release.xcconfig"; sourceTree = "<group>"; };
/* End PBXFileReference section */

/* Begin PBXFrameworksBuildPhase section */
		C64983031B9104D30002E21A /* Frameworks */ = {
			isa = PBXFrameworksBuildPhase;
			buildActionMask = 2147483647;
			files = (
				C649834B1B9104E30002E21A /* LumberjackFramework.framework in Frameworks */,
				0F015240190125F0ACC26910 /* Pods.framework in Frameworks */,
			);
			runOnlyForDeploymentPostprocessing = 0;
		};
		C649831C1B9104D30002E21A /* Frameworks */ = {
			isa = PBXFrameworksBuildPhase;
			buildActionMask = 2147483647;
			files = (
			);
			runOnlyForDeploymentPostprocessing = 0;
		};
		C64983301B9104E30002E21A /* Frameworks */ = {
			isa = PBXFrameworksBuildPhase;
			buildActionMask = 2147483647;
			files = (
				C6BC3FA91B910D4B00EA6FBB /* libPods.a in Frameworks */,
				1AF6329F22F4BB4E4062F7DC /* Pods.framework in Frameworks */,
			);
			runOnlyForDeploymentPostprocessing = 0;
		};
		C649833B1B9104E30002E21A /* Frameworks */ = {
			isa = PBXFrameworksBuildPhase;
			buildActionMask = 2147483647;
			files = (
				C649833F1B9104E30002E21A /* LumberjackFramework.framework in Frameworks */,
			);
			runOnlyForDeploymentPostprocessing = 0;
		};
/* End PBXFrameworksBuildPhase section */

/* Begin PBXGroup section */
		5B7380DB2293FA965AAEE71B /* Frameworks */ = {
			isa = PBXGroup;
			children = (
				C6BC3FA81B910D4B00EA6FBB /* libPods.a */,
				C649835C1B91095E0002E21A /* libPods.a */,
				AE7B20E04BBCFDFD0931A328 /* Pods.framework */,
			);
			name = Frameworks;
			sourceTree = "<group>";
		};
		69FD3A6898BBE81026FCCC52 /* Pods */ = {
			isa = PBXGroup;
			children = (
				D24FF849690DBA9783D9D56A /* Pods.debug.xcconfig */,
				D600112898191BA7602EEA1F /* Pods.release.xcconfig */,
			);
			name = Pods;
			sourceTree = "<group>";
		};
		C64982FD1B9104D30002E21A = {
			isa = PBXGroup;
			children = (
				C649835E1B910B230002E21A /* Podfile */,
				C64983081B9104D30002E21A /* LumberjackApp */,
				C64983221B9104D30002E21A /* LumberjackAppTests */,
				C64983351B9104E30002E21A /* LumberjackFramework */,
				C64983441B9104E30002E21A /* LumberjackFrameworkTests */,
				C64983071B9104D30002E21A /* Products */,
				69FD3A6898BBE81026FCCC52 /* Pods */,
				5B7380DB2293FA965AAEE71B /* Frameworks */,
			);
			sourceTree = "<group>";
		};
		C64983071B9104D30002E21A /* Products */ = {
			isa = PBXGroup;
			children = (
				C64983061B9104D30002E21A /* LumberjackApp.app */,
				C649831F1B9104D30002E21A /* LumberjackAppTests.xctest */,
				C64983341B9104E30002E21A /* LumberjackFramework.framework */,
				C649833E1B9104E30002E21A /* LumberjackFrameworkTests.xctest */,
			);
			name = Products;
			sourceTree = "<group>";
		};
		C64983081B9104D30002E21A /* LumberjackApp */ = {
			isa = PBXGroup;
			children = (
				C649830D1B9104D30002E21A /* AppDelegate.h */,
				C649830E1B9104D30002E21A /* AppDelegate.m */,
				C64983101B9104D30002E21A /* ViewController.h */,
				C64983111B9104D30002E21A /* ViewController.m */,
				C64983131B9104D30002E21A /* Main.storyboard */,
				C64983161B9104D30002E21A /* Images.xcassets */,
				C64983181B9104D30002E21A /* LaunchScreen.xib */,
				C64983091B9104D30002E21A /* Supporting Files */,
			);
			path = LumberjackApp;
			sourceTree = "<group>";
		};
		C64983091B9104D30002E21A /* Supporting Files */ = {
			isa = PBXGroup;
			children = (
				C649830A1B9104D30002E21A /* Info.plist */,
				C649830B1B9104D30002E21A /* main.m */,
			);
			name = "Supporting Files";
			sourceTree = "<group>";
		};
		C64983221B9104D30002E21A /* LumberjackAppTests */ = {
			isa = PBXGroup;
			children = (
				C64983251B9104D30002E21A /* LumberjackAppTests.m */,
				C64983231B9104D30002E21A /* Supporting Files */,
			);
			path = LumberjackAppTests;
			sourceTree = "<group>";
		};
		C64983231B9104D30002E21A /* Supporting Files */ = {
			isa = PBXGroup;
			children = (
				C64983241B9104D30002E21A /* Info.plist */,
			);
			name = "Supporting Files";
			sourceTree = "<group>";
		};
		C64983351B9104E30002E21A /* LumberjackFramework */ = {
			isa = PBXGroup;
			children = (
				C64983381B9104E30002E21A /* LumberjackFramework.h */,
				C64983541B9105260002E21A /* LumberjackFrameworkAPI.h */,
				C64983551B9105260002E21A /* LumberjackFrameworkAPI.m */,
				C64983361B9104E30002E21A /* Supporting Files */,
			);
			path = LumberjackFramework;
			sourceTree = "<group>";
		};
		C64983361B9104E30002E21A /* Supporting Files */ = {
			isa = PBXGroup;
			children = (
				C64983371B9104E30002E21A /* Info.plist */,
			);
			name = "Supporting Files";
			sourceTree = "<group>";
		};
		C64983441B9104E30002E21A /* LumberjackFrameworkTests */ = {
			isa = PBXGroup;
			children = (
				C64983471B9104E30002E21A /* LumberjackFrameworkTests.m */,
				C64983451B9104E30002E21A /* Supporting Files */,
			);
			path = LumberjackFrameworkTests;
			sourceTree = "<group>";
		};
		C64983451B9104E30002E21A /* Supporting Files */ = {
			isa = PBXGroup;
			children = (
				C64983461B9104E30002E21A /* Info.plist */,
			);
			name = "Supporting Files";
			sourceTree = "<group>";
		};
/* End PBXGroup section */

/* Begin PBXHeadersBuildPhase section */
		C64983311B9104E30002E21A /* Headers */ = {
			isa = PBXHeadersBuildPhase;
			buildActionMask = 2147483647;
			files = (
				C64983561B9105260002E21A /* LumberjackFrameworkAPI.h in Headers */,
				C64983391B9104E30002E21A /* LumberjackFramework.h in Headers */,
			);
			runOnlyForDeploymentPostprocessing = 0;
		};
/* End PBXHeadersBuildPhase section */

/* Begin PBXNativeTarget section */
		C64983051B9104D30002E21A /* LumberjackApp */ = {
			isa = PBXNativeTarget;
			buildConfigurationList = C64983291B9104D30002E21A /* Build configuration list for PBXNativeTarget "LumberjackApp" */;
			buildPhases = (
				4A72627A0408E6FD164089D7 /* Check Pods Manifest.lock */,
				C64983021B9104D30002E21A /* Sources */,
				C64983031B9104D30002E21A /* Frameworks */,
				C64983041B9104D30002E21A /* Resources */,
				C64983501B9104E30002E21A /* Embed Frameworks */,
				E57EA4DEE82798CB493A5EFD /* Copy Pods Resources */,
				33BEE0B1B980EDF1601B4BB5 /* Embed Pods Frameworks */,
			);
			buildRules = (
			);
			dependencies = (
				C649834A1B9104E30002E21A /* PBXTargetDependency */,
			);
			name = LumberjackApp;
			productName = LumberjackApp;
			productReference = C64983061B9104D30002E21A /* LumberjackApp.app */;
			productType = "com.apple.product-type.application";
		};
		C649831E1B9104D30002E21A /* LumberjackAppTests */ = {
			isa = PBXNativeTarget;
			buildConfigurationList = C649832C1B9104D30002E21A /* Build configuration list for PBXNativeTarget "LumberjackAppTests" */;
			buildPhases = (
				C649831B1B9104D30002E21A /* Sources */,
				C649831C1B9104D30002E21A /* Frameworks */,
				C649831D1B9104D30002E21A /* Resources */,
			);
			buildRules = (
			);
			dependencies = (
				C64983211B9104D30002E21A /* PBXTargetDependency */,
			);
			name = LumberjackAppTests;
			productName = LumberjackAppTests;
			productReference = C649831F1B9104D30002E21A /* LumberjackAppTests.xctest */;
			productType = "com.apple.product-type.bundle.unit-test";
		};
		C64983331B9104E30002E21A /* LumberjackFramework */ = {
			isa = PBXNativeTarget;
			buildConfigurationList = C649834D1B9104E30002E21A /* Build configuration list for PBXNativeTarget "LumberjackFramework" */;
			buildPhases = (
				5170BA96B4D2999039E7A422 /* Check Pods Manifest.lock */,
				C649832F1B9104E30002E21A /* Sources */,
				C64983301B9104E30002E21A /* Frameworks */,
				C64983311B9104E30002E21A /* Headers */,
				C64983321B9104E30002E21A /* Resources */,
				1E56CAEF82B3EB64B8C2F64F /* Copy Pods Resources */,
			);
			buildRules = (
			);
			dependencies = (
			);
			name = LumberjackFramework;
			productName = LumberjackFramework;
			productReference = C64983341B9104E30002E21A /* LumberjackFramework.framework */;
			productType = "com.apple.product-type.framework";
		};
		C649833D1B9104E30002E21A /* LumberjackFrameworkTests */ = {
			isa = PBXNativeTarget;
			buildConfigurationList = C64983511B9104E30002E21A /* Build configuration list for PBXNativeTarget "LumberjackFrameworkTests" */;
			buildPhases = (
				C649833A1B9104E30002E21A /* Sources */,
				C649833B1B9104E30002E21A /* Frameworks */,
				C649833C1B9104E30002E21A /* Resources */,
			);
			buildRules = (
			);
			dependencies = (
				C64983411B9104E30002E21A /* PBXTargetDependency */,
				C64983431B9104E30002E21A /* PBXTargetDependency */,
			);
			name = LumberjackFrameworkTests;
			productName = LumberjackFrameworkTests;
			productReference = C649833E1B9104E30002E21A /* LumberjackFrameworkTests.xctest */;
			productType = "com.apple.product-type.bundle.unit-test";
		};
/* End PBXNativeTarget section */

/* Begin PBXProject section */
		C64982FE1B9104D30002E21A /* Project object */ = {
			isa = PBXProject;
			attributes = {
				LastUpgradeCheck = 0640;
				ORGANIZATIONNAME = "Zakk Hoyt";
				TargetAttributes = {
					C64983051B9104D30002E21A = {
						CreatedOnToolsVersion = 6.4;
					};
					C649831E1B9104D30002E21A = {
						CreatedOnToolsVersion = 6.4;
						TestTargetID = C64983051B9104D30002E21A;
					};
					C64983331B9104E30002E21A = {
						CreatedOnToolsVersion = 6.4;
					};
					C649833D1B9104E30002E21A = {
						CreatedOnToolsVersion = 6.4;
						TestTargetID = C64983051B9104D30002E21A;
					};
				};
			};
			buildConfigurationList = C64983011B9104D30002E21A /* Build configuration list for PBXProject "LumberjackApp" */;
			compatibilityVersion = "Xcode 3.2";
			developmentRegion = English;
			hasScannedForEncodings = 0;
			knownRegions = (
				en,
				Base,
			);
			mainGroup = C64982FD1B9104D30002E21A;
			productRefGroup = C64983071B9104D30002E21A /* Products */;
			projectDirPath = "";
			projectRoot = "";
			targets = (
				C64983051B9104D30002E21A /* LumberjackApp */,
				C649831E1B9104D30002E21A /* LumberjackAppTests */,
				C64983331B9104E30002E21A /* LumberjackFramework */,
				C649833D1B9104E30002E21A /* LumberjackFrameworkTests */,
			);
		};
/* End PBXProject section */

/* Begin PBXResourcesBuildPhase section */
		C64983041B9104D30002E21A /* Resources */ = {
			isa = PBXResourcesBuildPhase;
			buildActionMask = 2147483647;
			files = (
				C64983151B9104D30002E21A /* Main.storyboard in Resources */,
				C649831A1B9104D30002E21A /* LaunchScreen.xib in Resources */,
				C649835F1B910B230002E21A /* Podfile in Resources */,
				C64983171B9104D30002E21A /* Images.xcassets in Resources */,
			);
			runOnlyForDeploymentPostprocessing = 0;
		};
		C649831D1B9104D30002E21A /* Resources */ = {
			isa = PBXResourcesBuildPhase;
			buildActionMask = 2147483647;
			files = (
			);
			runOnlyForDeploymentPostprocessing = 0;
		};
		C64983321B9104E30002E21A /* Resources */ = {
			isa = PBXResourcesBuildPhase;
			buildActionMask = 2147483647;
			files = (
			);
			runOnlyForDeploymentPostprocessing = 0;
		};
		C649833C1B9104E30002E21A /* Resources */ = {
			isa = PBXResourcesBuildPhase;
			buildActionMask = 2147483647;
			files = (
			);
			runOnlyForDeploymentPostprocessing = 0;
		};
/* End PBXResourcesBuildPhase section */

/* Begin PBXShellScriptBuildPhase section */
		1E56CAEF82B3EB64B8C2F64F /* Copy Pods Resources */ = {
			isa = PBXShellScriptBuildPhase;
			buildActionMask = 2147483647;
			files = (
			);
			inputPaths = (
			);
			name = "Copy Pods Resources";
			outputPaths = (
			);
			runOnlyForDeploymentPostprocessing = 0;
			shellPath = /bin/sh;
			shellScript = "\"${SRCROOT}/Pods/Target Support Files/Pods/Pods-resources.sh\"\n";
			showEnvVarsInLog = 0;
		};
		33BEE0B1B980EDF1601B4BB5 /* Embed Pods Frameworks */ = {
			isa = PBXShellScriptBuildPhase;
			buildActionMask = 2147483647;
			files = (
			);
			inputPaths = (
			);
			name = "Embed Pods Frameworks";
			outputPaths = (
			);
			runOnlyForDeploymentPostprocessing = 0;
			shellPath = /bin/sh;
			shellScript = "\"${SRCROOT}/Pods/Target Support Files/Pods/Pods-frameworks.sh\"\n";
			showEnvVarsInLog = 0;
		};
		4A72627A0408E6FD164089D7 /* Check Pods Manifest.lock */ = {
			isa = PBXShellScriptBuildPhase;
			buildActionMask = 2147483647;
			files = (
			);
			inputPaths = (
			);
			name = "Check Pods Manifest.lock";
			outputPaths = (
			);
			runOnlyForDeploymentPostprocessing = 0;
			shellPath = /bin/sh;
			shellScript = "diff \"${PODS_ROOT}/../Podfile.lock\" \"${PODS_ROOT}/Manifest.lock\" > /dev/null\nif [[ $? != 0 ]] ; then\n    cat << EOM\nerror: The sandbox is not in sync with the Podfile.lock. Run 'pod install' or update your CocoaPods installation.\nEOM\n    exit 1\nfi\n";
			showEnvVarsInLog = 0;
		};
		5170BA96B4D2999039E7A422 /* Check Pods Manifest.lock */ = {
			isa = PBXShellScriptBuildPhase;
			buildActionMask = 2147483647;
			files = (
			);
			inputPaths = (
			);
			name = "Check Pods Manifest.lock";
			outputPaths = (
			);
			runOnlyForDeploymentPostprocessing = 0;
			shellPath = /bin/sh;
			shellScript = "diff \"${PODS_ROOT}/../Podfile.lock\" \"${PODS_ROOT}/Manifest.lock\" > /dev/null\nif [[ $? != 0 ]] ; then\n    cat << EOM\nerror: The sandbox is not in sync with the Podfile.lock. Run 'pod install' or update your CocoaPods installation.\nEOM\n    exit 1\nfi\n";
			showEnvVarsInLog = 0;
		};
		E57EA4DEE82798CB493A5EFD /* Copy Pods Resources */ = {
			isa = PBXShellScriptBuildPhase;
			buildActionMask = 2147483647;
			files = (
			);
			inputPaths = (
			);
			name = "Copy Pods Resources";
			outputPaths = (
			);
			runOnlyForDeploymentPostprocessing = 0;
			shellPath = /bin/sh;
			shellScript = "\"${SRCROOT}/Pods/Target Support Files/Pods/Pods-resources.sh\"\n";
			showEnvVarsInLog = 0;
		};
/* End PBXShellScriptBuildPhase section */

/* Begin PBXSourcesBuildPhase section */
		C64983021B9104D30002E21A /* Sources */ = {
			isa = PBXSourcesBuildPhase;
			buildActionMask = 2147483647;
			files = (
				C64983121B9104D30002E21A /* ViewController.m in Sources */,
				C649830F1B9104D30002E21A /* AppDelegate.m in Sources */,
				C649830C1B9104D30002E21A /* main.m in Sources */,
			);
			runOnlyForDeploymentPostprocessing = 0;
		};
		C649831B1B9104D30002E21A /* Sources */ = {
			isa = PBXSourcesBuildPhase;
			buildActionMask = 2147483647;
			files = (
				C64983261B9104D30002E21A /* LumberjackAppTests.m in Sources */,
			);
			runOnlyForDeploymentPostprocessing = 0;
		};
		C649832F1B9104E30002E21A /* Sources */ = {
			isa = PBXSourcesBuildPhase;
			buildActionMask = 2147483647;
			files = (
				C64983571B9105260002E21A /* LumberjackFrameworkAPI.m in Sources */,
			);
			runOnlyForDeploymentPostprocessing = 0;
		};
		C649833A1B9104E30002E21A /* Sources */ = {
			isa = PBXSourcesBuildPhase;
			buildActionMask = 2147483647;
			files = (
				C64983481B9104E30002E21A /* LumberjackFrameworkTests.m in Sources */,
			);
			runOnlyForDeploymentPostprocessing = 0;
		};
/* End PBXSourcesBuildPhase section */

/* Begin PBXTargetDependency section */
		C64983211B9104D30002E21A /* PBXTargetDependency */ = {
			isa = PBXTargetDependency;
			target = C64983051B9104D30002E21A /* LumberjackApp */;
			targetProxy = C64983201B9104D30002E21A /* PBXContainerItemProxy */;
		};
		C64983411B9104E30002E21A /* PBXTargetDependency */ = {
			isa = PBXTargetDependency;
			target = C64983331B9104E30002E21A /* LumberjackFramework */;
			targetProxy = C64983401B9104E30002E21A /* PBXContainerItemProxy */;
		};
		C64983431B9104E30002E21A /* PBXTargetDependency */ = {
			isa = PBXTargetDependency;
			target = C64983051B9104D30002E21A /* LumberjackApp */;
			targetProxy = C64983421B9104E30002E21A /* PBXContainerItemProxy */;
		};
		C649834A1B9104E30002E21A /* PBXTargetDependency */ = {
			isa = PBXTargetDependency;
			target = C64983331B9104E30002E21A /* LumberjackFramework */;
			targetProxy = C64983491B9104E30002E21A /* PBXContainerItemProxy */;
		};
/* End PBXTargetDependency section */

/* Begin PBXVariantGroup section */
		C64983131B9104D30002E21A /* Main.storyboard */ = {
			isa = PBXVariantGroup;
			children = (
				C64983141B9104D30002E21A /* Base */,
			);
			name = Main.storyboard;
			sourceTree = "<group>";
		};
		C64983181B9104D30002E21A /* LaunchScreen.xib */ = {
			isa = PBXVariantGroup;
			children = (
				C64983191B9104D30002E21A /* Base */,
			);
			name = LaunchScreen.xib;
			sourceTree = "<group>";
		};
/* End PBXVariantGroup section */

/* Begin XCBuildConfiguration section */
		C64983271B9104D30002E21A /* Debug */ = {
			isa = XCBuildConfiguration;
			buildSettings = {
				ALWAYS_SEARCH_USER_PATHS = NO;
				CLANG_CXX_LANGUAGE_STANDARD = "gnu++0x";
				CLANG_CXX_LIBRARY = "libc++";
				CLANG_ENABLE_MODULES = YES;
				CLANG_ENABLE_OBJC_ARC = YES;
				CLANG_WARN_BOOL_CONVERSION = YES;
				CLANG_WARN_CONSTANT_CONVERSION = YES;
				CLANG_WARN_DIRECT_OBJC_ISA_USAGE = YES_ERROR;
				CLANG_WARN_EMPTY_BODY = YES;
				CLANG_WARN_ENUM_CONVERSION = YES;
				CLANG_WARN_INT_CONVERSION = YES;
				CLANG_WARN_OBJC_ROOT_CLASS = YES_ERROR;
				CLANG_WARN_UNREACHABLE_CODE = YES;
				CLANG_WARN__DUPLICATE_METHOD_MATCH = YES;
				"CODE_SIGN_IDENTITY[sdk=iphoneos*]" = "iPhone Developer";
				COPY_PHASE_STRIP = NO;
				DEBUG_INFORMATION_FORMAT = "dwarf-with-dsym";
				ENABLE_STRICT_OBJC_MSGSEND = YES;
				GCC_C_LANGUAGE_STANDARD = gnu99;
				GCC_DYNAMIC_NO_PIC = NO;
				GCC_NO_COMMON_BLOCKS = YES;
				GCC_OPTIMIZATION_LEVEL = 0;
				GCC_PREPROCESSOR_DEFINITIONS = (
					"DEBUG=1",
					"$(inherited)",
				);
				GCC_SYMBOLS_PRIVATE_EXTERN = NO;
				GCC_WARN_64_TO_32_BIT_CONVERSION = YES;
				GCC_WARN_ABOUT_RETURN_TYPE = YES_ERROR;
				GCC_WARN_UNDECLARED_SELECTOR = YES;
				GCC_WARN_UNINITIALIZED_AUTOS = YES_AGGRESSIVE;
				GCC_WARN_UNUSED_FUNCTION = YES;
				GCC_WARN_UNUSED_VARIABLE = YES;
				IPHONEOS_DEPLOYMENT_TARGET = 8.4;
				MTL_ENABLE_DEBUG_INFO = YES;
				ONLY_ACTIVE_ARCH = YES;
				SDKROOT = iphoneos;
				TARGETED_DEVICE_FAMILY = "1,2";
			};
			name = Debug;
		};
		C64983281B9104D30002E21A /* Release */ = {
			isa = XCBuildConfiguration;
			buildSettings = {
				ALWAYS_SEARCH_USER_PATHS = NO;
				CLANG_CXX_LANGUAGE_STANDARD = "gnu++0x";
				CLANG_CXX_LIBRARY = "libc++";
				CLANG_ENABLE_MODULES = YES;
				CLANG_ENABLE_OBJC_ARC = YES;
				CLANG_WARN_BOOL_CONVERSION = YES;
				CLANG_WARN_CONSTANT_CONVERSION = YES;
				CLANG_WARN_DIRECT_OBJC_ISA_USAGE = YES_ERROR;
				CLANG_WARN_EMPTY_BODY = YES;
				CLANG_WARN_ENUM_CONVERSION = YES;
				CLANG_WARN_INT_CONVERSION = YES;
				CLANG_WARN_OBJC_ROOT_CLASS = YES_ERROR;
				CLANG_WARN_UNREACHABLE_CODE = YES;
				CLANG_WARN__DUPLICATE_METHOD_MATCH = YES;
				"CODE_SIGN_IDENTITY[sdk=iphoneos*]" = "iPhone Developer";
				COPY_PHASE_STRIP = NO;
				DEBUG_INFORMATION_FORMAT = "dwarf-with-dsym";
				ENABLE_NS_ASSERTIONS = NO;
				ENABLE_STRICT_OBJC_MSGSEND = YES;
				GCC_C_LANGUAGE_STANDARD = gnu99;
				GCC_NO_COMMON_BLOCKS = YES;
				GCC_WARN_64_TO_32_BIT_CONVERSION = YES;
				GCC_WARN_ABOUT_RETURN_TYPE = YES_ERROR;
				GCC_WARN_UNDECLARED_SELECTOR = YES;
				GCC_WARN_UNINITIALIZED_AUTOS = YES_AGGRESSIVE;
				GCC_WARN_UNUSED_FUNCTION = YES;
				GCC_WARN_UNUSED_VARIABLE = YES;
				IPHONEOS_DEPLOYMENT_TARGET = 8.4;
				MTL_ENABLE_DEBUG_INFO = NO;
				SDKROOT = iphoneos;
				TARGETED_DEVICE_FAMILY = "1,2";
				VALIDATE_PRODUCT = YES;
			};
			name = Release;
		};
		C649832A1B9104D30002E21A /* Debug */ = {
			isa = XCBuildConfiguration;
			baseConfigurationReference = D24FF849690DBA9783D9D56A /* Pods.debug.xcconfig */;
			buildSettings = {
				ASSETCATALOG_COMPILER_APPICON_NAME = AppIcon;
				INFOPLIST_FILE = LumberjackApp/Info.plist;
				LD_RUNPATH_SEARCH_PATHS = "$(inherited) @executable_path/Frameworks";
				PRODUCT_NAME = "$(TARGET_NAME)";
			};
			name = Debug;
		};
		C649832B1B9104D30002E21A /* Release */ = {
			isa = XCBuildConfiguration;
			baseConfigurationReference = D600112898191BA7602EEA1F /* Pods.release.xcconfig */;
			buildSettings = {
				ASSETCATALOG_COMPILER_APPICON_NAME = AppIcon;
				INFOPLIST_FILE = LumberjackApp/Info.plist;
				LD_RUNPATH_SEARCH_PATHS = "$(inherited) @executable_path/Frameworks";
				PRODUCT_NAME = "$(TARGET_NAME)";
			};
			name = Release;
		};
		C649832D1B9104D30002E21A /* Debug */ = {
			isa = XCBuildConfiguration;
			buildSettings = {
				BUNDLE_LOADER = "$(TEST_HOST)";
				FRAMEWORK_SEARCH_PATHS = (
					"$(SDKROOT)/Developer/Library/Frameworks",
					"$(inherited)",
				);
				GCC_PREPROCESSOR_DEFINITIONS = (
					"DEBUG=1",
					"$(inherited)",
				);
				INFOPLIST_FILE = LumberjackAppTests/Info.plist;
				LD_RUNPATH_SEARCH_PATHS = "$(inherited) @executable_path/Frameworks @loader_path/Frameworks";
				PRODUCT_NAME = "$(TARGET_NAME)";
				TEST_HOST = "$(BUILT_PRODUCTS_DIR)/LumberjackApp.app/LumberjackApp";
			};
			name = Debug;
		};
		C649832E1B9104D30002E21A /* Release */ = {
			isa = XCBuildConfiguration;
			buildSettings = {
				BUNDLE_LOADER = "$(TEST_HOST)";
				FRAMEWORK_SEARCH_PATHS = (
					"$(SDKROOT)/Developer/Library/Frameworks",
					"$(inherited)",
				);
				INFOPLIST_FILE = LumberjackAppTests/Info.plist;
				LD_RUNPATH_SEARCH_PATHS = "$(inherited) @executable_path/Frameworks @loader_path/Frameworks";
				PRODUCT_NAME = "$(TARGET_NAME)";
				TEST_HOST = "$(BUILT_PRODUCTS_DIR)/LumberjackApp.app/LumberjackApp";
			};
			name = Release;
		};
		C649834E1B9104E30002E21A /* Debug */ = {
			isa = XCBuildConfiguration;
			baseConfigurationReference = D24FF849690DBA9783D9D56A /* Pods.debug.xcconfig */;
			buildSettings = {
				CURRENT_PROJECT_VERSION = 1;
				DEFINES_MODULE = YES;
				DYLIB_COMPATIBILITY_VERSION = 1;
				DYLIB_CURRENT_VERSION = 1;
				DYLIB_INSTALL_NAME_BASE = "@rpath";
				GCC_PREPROCESSOR_DEFINITIONS = (
					"DEBUG=1",
					"$(inherited)",
				);
				INFOPLIST_FILE = LumberjackFramework/Info.plist;
				INSTALL_PATH = "$(LOCAL_LIBRARY_DIR)/Frameworks";
				LD_RUNPATH_SEARCH_PATHS = "$(inherited) @executable_path/Frameworks @loader_path/Frameworks";
				LIBRARY_SEARCH_PATHS = (
					"$(inherited)",
					"$(PROJECT_DIR)/build/Debug-iphoneos",
				);
				PRODUCT_NAME = "$(TARGET_NAME)";
				SKIP_INSTALL = YES;
				VERSIONING_SYSTEM = "apple-generic";
				VERSION_INFO_PREFIX = "";
			};
			name = Debug;
		};
		C649834F1B9104E30002E21A /* Release */ = {
			isa = XCBuildConfiguration;
			baseConfigurationReference = D600112898191BA7602EEA1F /* Pods.release.xcconfig */;
			buildSettings = {
				CURRENT_PROJECT_VERSION = 1;
				DEFINES_MODULE = YES;
				DYLIB_COMPATIBILITY_VERSION = 1;
				DYLIB_CURRENT_VERSION = 1;
				DYLIB_INSTALL_NAME_BASE = "@rpath";
				INFOPLIST_FILE = LumberjackFramework/Info.plist;
				INSTALL_PATH = "$(LOCAL_LIBRARY_DIR)/Frameworks";
				LD_RUNPATH_SEARCH_PATHS = "$(inherited) @executable_path/Frameworks @loader_path/Frameworks";
				LIBRARY_SEARCH_PATHS = (
					"$(inherited)",
					"$(PROJECT_DIR)/build/Debug-iphoneos",
				);
				PRODUCT_NAME = "$(TARGET_NAME)";
				SKIP_INSTALL = YES;
				VERSIONING_SYSTEM = "apple-generic";
				VERSION_INFO_PREFIX = "";
			};
			name = Release;
		};
		C64983521B9104E30002E21A /* Debug */ = {
			isa = XCBuildConfiguration;
			buildSettings = {
				FRAMEWORK_SEARCH_PATHS = (
					"$(SDKROOT)/Developer/Library/Frameworks",
					"$(inherited)",
				);
				GCC_PREPROCESSOR_DEFINITIONS = (
					"DEBUG=1",
					"$(inherited)",
				);
				INFOPLIST_FILE = LumberjackFrameworkTests/Info.plist;
				LD_RUNPATH_SEARCH_PATHS = "$(inherited) @executable_path/Frameworks @loader_path/Frameworks";
				PRODUCT_NAME = "$(TARGET_NAME)";
				TEST_HOST = "$(BUILT_PRODUCTS_DIR)/LumberjackApp.app/LumberjackApp";
			};
			name = Debug;
		};
		C64983531B9104E30002E21A /* Release */ = {
			isa = XCBuildConfiguration;
			buildSettings = {
				FRAMEWORK_SEARCH_PATHS = (
					"$(SDKROOT)/Developer/Library/Frameworks",
					"$(inherited)",
				);
				INFOPLIST_FILE = LumberjackFrameworkTests/Info.plist;
				LD_RUNPATH_SEARCH_PATHS = "$(inherited) @executable_path/Frameworks @loader_path/Frameworks";
				PRODUCT_NAME = "$(TARGET_NAME)";
				TEST_HOST = "$(BUILT_PRODUCTS_DIR)/LumberjackApp.app/LumberjackApp";
			};
			name = Release;
		};
/* End XCBuildConfiguration section */

/* Begin XCConfigurationList section */
		C64983011B9104D30002E21A /* Build configuration list for PBXProject "LumberjackApp" */ = {
			isa = XCConfigurationList;
			buildConfigurations = (
				C64983271B9104D30002E21A /* Debug */,
				C64983281B9104D30002E21A /* Release */,
			);
			defaultConfigurationIsVisible = 0;
			defaultConfigurationName = Release;
		};
		C64983291B9104D30002E21A /* Build configuration list for PBXNativeTarget "LumberjackApp" */ = {
			isa = XCConfigurationList;
			buildConfigurations = (
				C649832A1B9104D30002E21A /* Debug */,
				C649832B1B9104D30002E21A /* Release */,
			);
			defaultConfigurationIsVisible = 0;
			defaultConfigurationName = Release;
		};
		C649832C1B9104D30002E21A /* Build configuration list for PBXNativeTarget "LumberjackAppTests" */ = {
			isa = XCConfigurationList;
			buildConfigurations = (
				C649832D1B9104D30002E21A /* Debug */,
				C649832E1B9104D30002E21A /* Release */,
			);
			defaultConfigurationIsVisible = 0;
			defaultConfigurationName = Release;
		};
		C649834D1B9104E30002E21A /* Build configuration list for PBXNativeTarget "LumberjackFramework" */ = {
			isa = XCConfigurationList;
			buildConfigurations = (
				C649834E1B9104E30002E21A /* Debug */,
				C649834F1B9104E30002E21A /* Release */,
			);
			defaultConfigurationIsVisible = 0;
			defaultConfigurationName = Release;
		};
		C64983511B9104E30002E21A /* Build configuration list for PBXNativeTarget "LumberjackFrameworkTests" */ = {
			isa = XCConfigurationList;
			buildConfigurations = (
				C64983521B9104E30002E21A /* Debug */,
				C64983531B9104E30002E21A /* Release */,
			);
			defaultConfigurationIsVisible = 0;
			defaultConfigurationName = Release;
		};
/* End XCConfigurationList section */
	};
	rootObject = C64982FE1B9104D30002E21A /* Project object */;
}
